
Microsoft Visual Studio Solution File, Format Version 12.00
# Visual Studio Version 16
VisualStudioVersion = 16.0.30413.136
MinimumVisualStudioVersion = 10.0.40219.1
Project("{FAE04EC0-301F-11D3-BF4B-00C04F79EFBC}") = "SimpleSharpEnum", "SimpleSharpEnum\SimpleSharpEnum.csproj", "{017F1E34-61C7-4694-B084-DA1027EA39FE}"
EndProject
Global
	GlobalSection(SolutionConfigurationPlatforms) = preSolution
		Debug|Any CPU = Debug|Any CPU
		Release|Any CPU = Release|Any CPU
	EndGlobalSection
	GlobalSection(ProjectConfigurationPlatforms) = postSolution
		{017F1E34-61C7-4694-B084-DA1027EA39FE}.Debug|Any CPU.ActiveCfg = Debug|Any CPU
		{017F1E34-61C7-4694-B084-DA1027EA39FE}.Debug|Any CPU.Build.0 = Debug|Any CPU
		{017F1E34-61C7-4694-B084-DA1027EA39FE}.Release|Any CPU.ActiveCfg = Release|Any CPU
		{017F1E34-61C7-4694-B084-DA1027EA39FE}.Release|Any CPU.Build.0 = Release|Any CPU
	EndGlobalSection
	GlobalSection(SolutionProperties) = preSolution
		HideSolutionNode = FALSE
	EndGlobalSection
	GlobalSection(ExtensibilityGlobals) = postSolution
		SolutionGuid = {CF1A10BB-8560-40AF-9661-ECD0D6BF178C}
	EndGlobalSection
EndGlobal
